// !$*UTF8*$!
{
	archiveVersion = 1;
	classes = {
	};
	objectVersion = 46;
	objects = {

/* Begin PBXBuildFile section */
		E4D0236AE9BA4D31847AF5C7 /* libPods.a in Frameworks */ = {isa = PBXBuildFile; fileRef = 43506884BA9243309DA01237 /* libPods.a */; };
		FACD523D19C152D400058DA6 /* AppDelegate.swift in Sources */ = {isa = PBXBuildFile; fileRef = FACD523C19C152D400058DA6 /* AppDelegate.swift */; };
		FACD523F19C152D400058DA6 /* ViewController.swift in Sources */ = {isa = PBXBuildFile; fileRef = FACD523E19C152D400058DA6 /* ViewController.swift */; };
		FACD524219C152D400058DA6 /* Main.storyboard in Resources */ = {isa = PBXBuildFile; fileRef = FACD524019C152D400058DA6 /* Main.storyboard */; };
		FACD524419C152D400058DA6 /* Images.xcassets in Resources */ = {isa = PBXBuildFile; fileRef = FACD524319C152D400058DA6 /* Images.xcassets */; };
		FACD525019C152D500058DA6 /* Surf_ReportTests.swift in Sources */ = {isa = PBXBuildFile; fileRef = FACD524F19C152D500058DA6 /* Surf_ReportTests.swift */; };
/* End PBXBuildFile section */

/* Begin PBXContainerItemProxy section */
		FACD524A19C152D500058DA6 /* PBXContainerItemProxy */ = {
			isa = PBXContainerItemProxy;
			containerPortal = FACD522F19C152D400058DA6 /* Project object */;
			proxyType = 1;
			remoteGlobalIDString = FACD523619C152D400058DA6;
			remoteInfo = "Surf Report";
		};
/* End PBXContainerItemProxy section */

/* Begin PBXFileReference section */
		43506884BA9243309DA01237 /* libPods.a */ = {isa = PBXFileReference; explicitFileType = archive.ar; includeInIndex = 0; path = libPods.a; sourceTree = BUILT_PRODUCTS_DIR; };
		A179738DD16D496FBB14117F /* Pods.xcconfig */ = {isa = PBXFileReference; includeInIndex = 1; lastKnownFileType = text.xcconfig; name = Pods.xcconfig; path = Pods/Pods.xcconfig; sourceTree = "<group>"; };
		FACD523719C152D400058DA6 /* Surf Report.app */ = {isa = PBXFileReference; explicitFileType = wrapper.application; includeInIndex = 0; path = "Surf Report.app"; sourceTree = BUILT_PRODUCTS_DIR; };
		FACD523B19C152D400058DA6 /* Info.plist */ = {isa = PBXFileReference; lastKnownFileType = text.plist.xml; path = Info.plist; sourceTree = "<group>"; };
		FACD523C19C152D400058DA6 /* AppDelegate.swift */ = {isa = PBXFileReference; lastKnownFileType = sourcecode.swift; path = AppDelegate.swift; sourceTree = "<group>"; };
		FACD523E19C152D400058DA6 /* ViewController.swift */ = {isa = PBXFileReference; lastKnownFileType = sourcecode.swift; path = ViewController.swift; sourceTree = "<group>"; };
		FACD524119C152D400058DA6 /* Base */ = {isa = PBXFileReference; lastKnownFileType = file.storyboard; name = Base; path = Base.lproj/Main.storyboard; sourceTree = "<group>"; };
		FACD524319C152D400058DA6 /* Images.xcassets */ = {isa = PBXFileReference; lastKnownFileType = folder.assetcatalog; path = Images.xcassets; sourceTree = "<group>"; };
		FACD524919C152D500058DA6 /* Surf ReportTests.xctest */ = {isa = PBXFileReference; explicitFileType = wrapper.cfbundle; includeInIndex = 0; path = "Surf ReportTests.xctest"; sourceTree = BUILT_PRODUCTS_DIR; };
		FACD524E19C152D500058DA6 /* Info.plist */ = {isa = PBXFileReference; lastKnownFileType = text.plist.xml; path = Info.plist; sourceTree = "<group>"; };
		FACD524F19C152D500058DA6 /* Surf_ReportTests.swift */ = {isa = PBXFileReference; lastKnownFileType = sourcecode.swift; path = Surf_ReportTests.swift; sourceTree = "<group>"; };
/* End PBXFileReference section */

/* Begin PBXFrameworksBuildPhase section */
		FACD523419C152D400058DA6 /* Frameworks */ = {
			isa = PBXFrameworksBuildPhase;
			buildActionMask = 2147483647;
			files = (
				E4D0236AE9BA4D31847AF5C7 /* libPods.a in Frameworks */,
			);
			runOnlyForDeploymentPostprocessing = 0;
		};
		FACD524619C152D500058DA6 /* Frameworks */ = {
			isa = PBXFrameworksBuildPhase;
			buildActionMask = 2147483647;
			files = (
			);
			runOnlyForDeploymentPostprocessing = 0;
		};
/* End PBXFrameworksBuildPhase section */

/* Begin PBXGroup section */
		B2C2AE7404234C42B013CB1A /* Frameworks */ = {
			isa = PBXGroup;
			children = (
				43506884BA9243309DA01237 /* libPods.a */,
			);
			name = Frameworks;
			sourceTree = "<group>";
		};
		FACD522E19C152D400058DA6 = {
			isa = PBXGroup;
			children = (
				FACD523919C152D400058DA6 /* Surf Report */,
				FACD524C19C152D500058DA6 /* Surf ReportTests */,
				FACD523819C152D400058DA6 /* Products */,
				A179738DD16D496FBB14117F /* Pods.xcconfig */,
				B2C2AE7404234C42B013CB1A /* Frameworks */,
			);
			sourceTree = "<group>";
		};
		FACD523819C152D400058DA6 /* Products */ = {
			isa = PBXGroup;
			children = (
				FACD523719C152D400058DA6 /* Surf Report.app */,
				FACD524919C152D500058DA6 /* Surf ReportTests.xctest */,
			);
			name = Products;
			sourceTree = "<group>";
		};
		FACD523919C152D400058DA6 /* Surf Report */ = {
			isa = PBXGroup;
			children = (
				FACD523C19C152D400058DA6 /* AppDelegate.swift */,
				FACD523E19C152D400058DA6 /* ViewController.swift */,
				FACD524019C152D400058DA6 /* Main.storyboard */,
				FACD524319C152D400058DA6 /* Images.xcassets */,
				FACD523A19C152D400058DA6 /* Supporting Files */,
			);
			path = "Surf Report";
			sourceTree = "<group>";
		};
		FACD523A19C152D400058DA6 /* Supporting Files */ = {
			isa = PBXGroup;
			children = (
				FACD523B19C152D400058DA6 /* Info.plist */,
			);
			name = "Supporting Files";
			sourceTree = "<group>";
		};
		FACD524C19C152D500058DA6 /* Surf ReportTests */ = {
			isa = PBXGroup;
			children = (
				FACD524F19C152D500058DA6 /* Surf_ReportTests.swift */,
				FACD524D19C152D500058DA6 /* Supporting Files */,
			);
			path = "Surf ReportTests";
			sourceTree = "<group>";
		};
		FACD524D19C152D500058DA6 /* Supporting Files */ = {
			isa = PBXGroup;
			children = (
				FACD524E19C152D500058DA6 /* Info.plist */,
			);
			name = "Supporting Files";
			sourceTree = "<group>";
		};
/* End PBXGroup section */

/* Begin PBXNativeTarget section */
		FACD523619C152D400058DA6 /* Surf Report */ = {
			isa = PBXNativeTarget;
			buildConfigurationList = FACD525319C152D500058DA6 /* Build configuration list for PBXNativeTarget "Surf Report" */;
			buildPhases = (
				57066F097937496AA91A40D7 /* Check Pods Manifest.lock */,
				FACD523319C152D400058DA6 /* Sources */,
				FACD523419C152D400058DA6 /* Frameworks */,
				FACD523519C152D400058DA6 /* Resources */,
				9F9BDFBC4B6740DF94C388B0 /* Copy Pods Resources */,
			);
			buildRules = (
			);
			dependencies = (
			);
			name = "Surf Report";
			productName = "Surf Report";
			productReference = FACD523719C152D400058DA6 /* Surf Report.app */;
			productType = "com.apple.product-type.application";
		};
		FACD524819C152D500058DA6 /* Surf ReportTests */ = {
			isa = PBXNativeTarget;
			buildConfigurationList = FACD525619C152D500058DA6 /* Build configuration list for PBXNativeTarget "Surf ReportTests" */;
			buildPhases = (
				FACD524519C152D500058DA6 /* Sources */,
				FACD524619C152D500058DA6 /* Frameworks */,
				FACD524719C152D500058DA6 /* Resources */,
			);
			buildRules = (
			);
			dependencies = (
				FACD524B19C152D500058DA6 /* PBXTargetDependency */,
			);
			name = "Surf ReportTests";
			productName = "Surf ReportTests";
			productReference = FACD524919C152D500058DA6 /* Surf ReportTests.xctest */;
			productType = "com.apple.product-type.bundle.unit-test";
		};
/* End PBXNativeTarget section */

/* Begin PBXProject section */
		FACD522F19C152D400058DA6 /* Project object */ = {
			isa = PBXProject;
			attributes = {
				LastUpgradeCheck = 0600;
				ORGANIZATIONNAME = "Dylan Jhaveri";
				TargetAttributes = {
					FACD523619C152D400058DA6 = {
						CreatedOnToolsVersion = 6.0;
					};
					FACD524819C152D500058DA6 = {
						CreatedOnToolsVersion = 6.0;
						TestTargetID = FACD523619C152D400058DA6;
					};
				};
			};
			buildConfigurationList = FACD523219C152D400058DA6 /* Build configuration list for PBXProject "Surf Report" */;
			compatibilityVersion = "Xcode 3.2";
			developmentRegion = English;
			hasScannedForEncodings = 0;
			knownRegions = (
				en,
				Base,
			);
			mainGroup = FACD522E19C152D400058DA6;
			productRefGroup = FACD523819C152D400058DA6 /* Products */;
			projectDirPath = "";
			projectRoot = "";
			targets = (
				FACD523619C152D400058DA6 /* Surf Report */,
				FACD524819C152D500058DA6 /* Surf ReportTests */,
			);
		};
/* End PBXProject section */

/* Begin PBXResourcesBuildPhase section */
		FACD523519C152D400058DA6 /* Resources */ = {
			isa = PBXResourcesBuildPhase;
			buildActionMask = 2147483647;
			files = (
				FACD524219C152D400058DA6 /* Main.storyboard in Resources */,
				FACD524419C152D400058DA6 /* Images.xcassets in Resources */,
			);
			runOnlyForDeploymentPostprocessing = 0;
		};
		FACD524719C152D500058DA6 /* Resources */ = {
			isa = PBXResourcesBuildPhase;
			buildActionMask = 2147483647;
			files = (
			);
			runOnlyForDeploymentPostprocessing = 0;
		};
/* End PBXResourcesBuildPhase section */

/* Begin PBXShellScriptBuildPhase section */
		57066F097937496AA91A40D7 /* Check Pods Manifest.lock */ = {
			isa = PBXShellScriptBuildPhase;
			buildActionMask = 2147483647;
			files = (
			);
			inputPaths = (
			);
			name = "Check Pods Manifest.lock";
			outputPaths = (
			);
			runOnlyForDeploymentPostprocessing = 0;
			shellPath = /bin/sh;
			shellScript = "diff \"${PODS_ROOT}/../Podfile.lock\" \"${PODS_ROOT}/Manifest.lock\" > /dev/null\nif [[ $? != 0 ]] ; then\n    cat << EOM\nerror: The sandbox is not in sync with the Podfile.lock. Run 'pod install' or update your CocoaPods installation.\nEOM\n    exit 1\nfi\n";
			showEnvVarsInLog = 0;
		};
		9F9BDFBC4B6740DF94C388B0 /* Copy Pods Resources */ = {
			isa = PBXShellScriptBuildPhase;
			buildActionMask = 2147483647;
			files = (
			);
			inputPaths = (
			);
			name = "Copy Pods Resources";
			outputPaths = (
			);
			runOnlyForDeploymentPostprocessing = 0;
			shellPath = /bin/sh;
			shellScript = "\"${SRCROOT}/Pods/Pods-resources.sh\"\n";
			showEnvVarsInLog = 0;
		};
/* End PBXShellScriptBuildPhase section */

/* Begin PBXSourcesBuildPhase section */
		FACD523319C152D400058DA6 /* Sources */ = {
			isa = PBXSourcesBuildPhase;
			buildActionMask = 2147483647;
			files = (
				FACD523F19C152D400058DA6 /* ViewController.swift in Sources */,
				FACD523D19C152D400058DA6 /* AppDelegate.swift in Sources */,
			);
			runOnlyForDeploymentPostprocessing = 0;
		};
		FACD524519C152D500058DA6 /* Sources */ = {
			isa = PBXSourcesBuildPhase;
			buildActionMask = 2147483647;
			files = (
				FACD525019C152D500058DA6 /* Surf_ReportTests.swift in Sources */,
			);
			runOnlyForDeploymentPostprocessing = 0;
		};
/* End PBXSourcesBuildPhase section */

/* Begin PBXTargetDependency section */
		FACD524B19C152D500058DA6 /* PBXTargetDependency */ = {
			isa = PBXTargetDependency;
			target = FACD523619C152D400058DA6 /* Surf Report */;
			targetProxy = FACD524A19C152D500058DA6 /* PBXContainerItemProxy */;
		};
/* End PBXTargetDependency section */

/* Begin PBXVariantGroup section */
		FACD524019C152D400058DA6 /* Main.storyboard */ = {
			isa = PBXVariantGroup;
			children = (
				FACD524119C152D400058DA6 /* Base */,
			);
			name = Main.storyboard;
			sourceTree = "<group>";
		};
/* End PBXVariantGroup section */

/* Begin XCBuildConfiguration section */
		FACD525119C152D500058DA6 /* Debug */ = {
			isa = XCBuildConfiguration;
			buildSettings = {
				ALWAYS_SEARCH_USER_PATHS = NO;
				CLANG_CXX_LANGUAGE_STANDARD = "gnu++0x";
				CLANG_CXX_LIBRARY = "libc++";
				CLANG_ENABLE_MODULES = YES;
				CLANG_ENABLE_OBJC_ARC = YES;
				CLANG_WARN_BOOL_CONVERSION = YES;
				CLANG_WARN_CONSTANT_CONVERSION = YES;
				CLANG_WARN_DIRECT_OBJC_ISA_USAGE = YES_ERROR;
				CLANG_WARN_EMPTY_BODY = YES;
				CLANG_WARN_ENUM_CONVERSION = YES;
				CLANG_WARN_INT_CONVERSION = YES;
				CLANG_WARN_OBJC_ROOT_CLASS = YES_ERROR;
				CLANG_WARN_UNREACHABLE_CODE = YES;
				CLANG_WARN__DUPLICATE_METHOD_MATCH = YES;
				"CODE_SIGN_IDENTITY[sdk=iphoneos*]" = "iPhone Developer";
				COPY_PHASE_STRIP = NO;
				ENABLE_STRICT_OBJC_MSGSEND = YES;
				GCC_C_LANGUAGE_STANDARD = gnu99;
				GCC_DYNAMIC_NO_PIC = NO;
				GCC_OPTIMIZATION_LEVEL = 0;
				GCC_PREPROCESSOR_DEFINITIONS = (
					"DEBUG=1",
					"$(inherited)",
				);
				GCC_SYMBOLS_PRIVATE_EXTERN = NO;
				GCC_WARN_64_TO_32_BIT_CONVERSION = YES;
				GCC_WARN_ABOUT_RETURN_TYPE = YES_ERROR;
				GCC_WARN_UNDECLARED_SELECTOR = YES;
				GCC_WARN_UNINITIALIZED_AUTOS = YES_AGGRESSIVE;
				GCC_WARN_UNUSED_FUNCTION = YES;
				GCC_WARN_UNUSED_VARIABLE = YES;
				IPHONEOS_DEPLOYMENT_TARGET = 8.0;
				MTL_ENABLE_DEBUG_INFO = YES;
				ONLY_ACTIVE_ARCH = YES;
				SDKROOT = iphoneos;
				SWIFT_OPTIMIZATION_LEVEL = "-Onone";
			};
			name = Debug;
		};
		FACD525219C152D500058DA6 /* Release */ = {
			isa = XCBuildConfiguration;
			buildSettings = {
				ALWAYS_SEARCH_USER_PATHS = NO;
				CLANG_CXX_LANGUAGE_STANDARD = "gnu++0x";
				CLANG_CXX_LIBRARY = "libc++";
				CLANG_ENABLE_MODULES = YES;
				CLANG_ENABLE_OBJC_ARC = YES;
				CLANG_WARN_BOOL_CONVERSION = YES;
				CLANG_WARN_CONSTANT_CONVERSION = YES;
				CLANG_WARN_DIRECT_OBJC_ISA_USAGE = YES_ERROR;
				CLANG_WARN_EMPTY_BODY = YES;
				CLANG_WARN_ENUM_CONVERSION = YES;
				CLANG_WARN_INT_CONVERSION = YES;
				CLANG_WARN_OBJC_ROOT_CLASS = YES_ERROR;
				CLANG_WARN_UNREACHABLE_CODE = YES;
				CLANG_WARN__DUPLICATE_METHOD_MATCH = YES;
				"CODE_SIGN_IDENTITY[sdk=iphoneos*]" = "iPhone Developer";
				COPY_PHASE_STRIP = YES;
				ENABLE_NS_ASSERTIONS = NO;
				ENABLE_STRICT_OBJC_MSGSEND = YES;
				GCC_C_LANGUAGE_STANDARD = gnu99;
				GCC_WARN_64_TO_32_BIT_CONVERSION = YES;
				GCC_WARN_ABOUT_RETURN_TYPE = YES_ERROR;
				GCC_WARN_UNDECLARED_SELECTOR = YES;
				GCC_WARN_UNINITIALIZED_AUTOS = YES_AGGRESSIVE;
				GCC_WARN_UNUSED_FUNCTION = YES;
				GCC_WARN_UNUSED_VARIABLE = YES;
				IPHONEOS_DEPLOYMENT_TARGET = 8.0;
				MTL_ENABLE_DEBUG_INFO = NO;
				SDKROOT = iphoneos;
				VALIDATE_PRODUCT = YES;
			};
			name = Release;
		};
		FACD525419C152D500058DA6 /* Debug */ = {
			isa = XCBuildConfiguration;
			baseConfigurationReference = A179738DD16D496FBB14117F /* Pods.xcconfig */;
			buildSettings = {
				ASSETCATALOG_COMPILER_APPICON_NAME = AppIcon;
				ASSETCATALOG_COMPILER_LAUNCHIMAGE_NAME = LaunchImage;
				DEFINES_MODULE = YES;
				INFOPLIST_FILE = "Surf Report/Info.plist";
				LD_RUNPATH_SEARCH_PATHS = "$(inherited) @executable_path/Frameworks";
				PRODUCT_NAME = "$(TARGET_NAME)";
				SWIFT_OBJC_BRIDGING_HEADER = bridge.h;
			};
			name = Debug;
		};
		FACD525519C152D500058DA6 /* Release */ = {
			isa = XCBuildConfiguration;
			baseConfigurationReference = A179738DD16D496FBB14117F /* Pods.xcconfig */;
			buildSettings = {
				ASSETCATALOG_COMPILER_APPICON_NAME = AppIcon;
				ASSETCATALOG_COMPILER_LAUNCHIMAGE_NAME = LaunchImage;
				DEFINES_MODULE = YES;
				INFOPLIST_FILE = "Surf Report/Info.plist";
				LD_RUNPATH_SEARCH_PATHS = "$(inherited) @executable_path/Frameworks";
				PRODUCT_NAME = "$(TARGET_NAME)";
				SWIFT_OBJC_BRIDGING_HEADER = bridge.h;
			};
			name = Release;
		};
		FACD525719C152D500058DA6 /* Debug */ = {
			isa = XCBuildConfiguration;
			buildSettings = {
				BUNDLE_LOADER = "$(TEST_HOST)";
				FRAMEWORK_SEARCH_PATHS = (
					"$(SDKROOT)/Developer/Library/Frameworks",
					"$(inherited)",
				);
				GCC_PREPROCESSOR_DEFINITIONS = (
					"DEBUG=1",
					"$(inherited)",
				);
				INFOPLIST_FILE = "Surf ReportTests/Info.plist";
				LD_RUNPATH_SEARCH_PATHS = "$(inherited) @executable_path/Frameworks @loader_path/Frameworks";
				PRODUCT_NAME = "$(TARGET_NAME)";
				TEST_HOST = "$(BUILT_PRODUCTS_DIR)/Surf Report.app/Surf Report";
			};
			name = Debug;
		};
		FACD525819C152D500058DA6 /* Release */ = {
			isa = XCBuildConfiguration;
			buildSettings = {
				BUNDLE_LOADER = "$(TEST_HOST)";
				FRAMEWORK_SEARCH_PATHS = (
					"$(SDKROOT)/Developer/Library/Frameworks",
					"$(inherited)",
				);
				INFOPLIST_FILE = "Surf ReportTests/Info.plist";
				LD_RUNPATH_SEARCH_PATHS = "$(inherited) @executable_path/Frameworks @loader_path/Frameworks";
				PRODUCT_NAME = "$(TARGET_NAME)";
				TEST_HOST = "$(BUILT_PRODUCTS_DIR)/Surf Report.app/Surf Report";
			};
			name = Release;
		};
/* End XCBuildConfiguration section */

/* Begin XCConfigurationList section */
		FACD523219C152D400058DA6 /* Build configuration list for PBXProject "Surf Report" */ = {
			isa = XCConfigurationList;
			buildConfigurations = (
				FACD525119C152D500058DA6 /* Debug */,
				FACD525219C152D500058DA6 /* Release */,
			);
			defaultConfigurationIsVisible = 0;
			defaultConfigurationName = Release;
		};
		FACD525319C152D500058DA6 /* Build configuration list for PBXNativeTarget "Surf Report" */ = {
			isa = XCConfigurationList;
			buildConfigurations = (
				FACD525419C152D500058DA6 /* Debug */,
				FACD525519C152D500058DA6 /* Release */,
			);
			defaultConfigurationIsVisible = 0;
			defaultConfigurationName = Release;
		};
		FACD525619C152D500058DA6 /* Build configuration list for PBXNativeTarget "Surf ReportTests" */ = {
			isa = XCConfigurationList;
			buildConfigurations = (
				FACD525719C152D500058DA6 /* Debug */,
				FACD525819C152D500058DA6 /* Release */,
			);
			defaultConfigurationIsVisible = 0;
			defaultConfigurationName = Release;
		};
/* End XCConfigurationList section */
	};
	rootObject = FACD522F19C152D400058DA6 /* Project object */;
}
